// !$*UTF8*$!
{
	archiveVersion = 1;
	classes = {
	};
	objectVersion = 46;
	objects = {

/* Begin PBXBuildFile section */
		B017B9AE1B79D05900CF9167 /* main.m in Sources */ = {isa = PBXBuildFile; fileRef = B017B9AD1B79D05900CF9167 /* main.m */; };
		B017B9B11B79D05900CF9167 /* AppDelegate.m in Sources */ = {isa = PBXBuildFile; fileRef = B017B9B01B79D05900CF9167 /* AppDelegate.m */; };
		B017B9B41B79D05900CF9167 /* ViewController.m in Sources */ = {isa = PBXBuildFile; fileRef = B017B9B31B79D05900CF9167 /* ViewController.m */; };
		B017B9B71B79D05900CF9167 /* Main.storyboard in Resources */ = {isa = PBXBuildFile; fileRef = B017B9B51B79D05900CF9167 /* Main.storyboard */; };
		B017B9B91B79D05900CF9167 /* Images.xcassets in Resources */ = {isa = PBXBuildFile; fileRef = B017B9B81B79D05900CF9167 /* Images.xcassets */; };
		B017B9BC1B79D05900CF9167 /* LaunchScreen.xib in Resources */ = {isa = PBXBuildFile; fileRef = B017B9BA1B79D05900CF9167 /* LaunchScreen.xib */; };
		B017B9C81B79D05900CF9167 /* Control_FunTests.m in Sources */ = {isa = PBXBuildFile; fileRef = B017B9C71B79D05900CF9167 /* Control_FunTests.m */; };
/* End PBXBuildFile section */

/* Begin PBXContainerItemProxy section */
		B017B9C21B79D05900CF9167 /* PBXContainerItemProxy */ = {
			isa = PBXContainerItemProxy;
			containerPortal = B017B9A01B79D05900CF9167 /* Project object */;
			proxyType = 1;
			remoteGlobalIDString = B017B9A71B79D05900CF9167;
			remoteInfo = "Control Fun";
		};
/* End PBXContainerItemProxy section */

/* Begin PBXFileReference section */
		B017B9A81B79D05900CF9167 /* Control Fun.app */ = {isa = PBXFileReference; explicitFileType = wrapper.application; includeInIndex = 0; path = "Control Fun.app"; sourceTree = BUILT_PRODUCTS_DIR; };
		B017B9AC1B79D05900CF9167 /* Info.plist */ = {isa = PBXFileReference; lastKnownFileType = text.plist.xml; path = Info.plist; sourceTree = "<group>"; };
		B017B9AD1B79D05900CF9167 /* main.m */ = {isa = PBXFileReference; lastKnownFileType = sourcecode.c.objc; path = main.m; sourceTree = "<group>"; };
		B017B9AF1B79D05900CF9167 /* AppDelegate.h */ = {isa = PBXFileReference; lastKnownFileType = sourcecode.c.h; path = AppDelegate.h; sourceTree = "<group>"; };
		B017B9B01B79D05900CF9167 /* AppDelegate.m */ = {isa = PBXFileReference; lastKnownFileType = sourcecode.c.objc; path = AppDelegate.m; sourceTree = "<group>"; };
		B017B9B21B79D05900CF9167 /* ViewController.h */ = {isa = PBXFileReference; lastKnownFileType = sourcecode.c.h; path = ViewController.h; sourceTree = "<group>"; };
		B017B9B31B79D05900CF9167 /* ViewController.m */ = {isa = PBXFileReference; lastKnownFileType = sourcecode.c.objc; path = ViewController.m; sourceTree = "<group>"; };
		B017B9B61B79D05900CF9167 /* Base */ = {isa = PBXFileReference; lastKnownFileType = file.storyboard; name = Base; path = Base.lproj/Main.storyboard; sourceTree = "<group>"; };
		B017B9B81B79D05900CF9167 /* Images.xcassets */ = {isa = PBXFileReference; lastKnownFileType = folder.assetcatalog; path = Images.xcassets; sourceTree = "<group>"; };
		B017B9BB1B79D05900CF9167 /* Base */ = {isa = PBXFileReference; lastKnownFileType = file.xib; name = Base; path = Base.lproj/LaunchScreen.xib; sourceTree = "<group>"; };
		B017B9C11B79D05900CF9167 /* Control FunTests.xctest */ = {isa = PBXFileReference; explicitFileType = wrapper.cfbundle; includeInIndex = 0; path = "Control FunTests.xctest"; sourceTree = BUILT_PRODUCTS_DIR; };
		B017B9C61B79D05900CF9167 /* Info.plist */ = {isa = PBXFileReference; lastKnownFileType = text.plist.xml; path = Info.plist; sourceTree = "<group>"; };
		B017B9C71B79D05900CF9167 /* Control_FunTests.m */ = {isa = PBXFileReference; lastKnownFileType = sourcecode.c.objc; path = Control_FunTests.m; sourceTree = "<group>"; };
/* End PBXFileReference section */

/* Begin PBXFrameworksBuildPhase section */
		B017B9A51B79D05900CF9167 /* Frameworks */ = {
			isa = PBXFrameworksBuildPhase;
			buildActionMask = 2147483647;
			files = (
			);
			runOnlyForDeploymentPostprocessing = 0;
		};
		B017B9BE1B79D05900CF9167 /* Frameworks */ = {
			isa = PBXFrameworksBuildPhase;
			buildActionMask = 2147483647;
			files = (
			);
			runOnlyForDeploymentPostprocessing = 0;
		};
/* End PBXFrameworksBuildPhase section */

/* Begin PBXGroup section */
		B017B99F1B79D05900CF9167 = {
			isa = PBXGroup;
			children = (
				B017B9AA1B79D05900CF9167 /* Control Fun */,
				B017B9C41B79D05900CF9167 /* Control FunTests */,
				B017B9A91B79D05900CF9167 /* Products */,
			);
			sourceTree = "<group>";
		};
		B017B9A91B79D05900CF9167 /* Products */ = {
			isa = PBXGroup;
			children = (
				B017B9A81B79D05900CF9167 /* Control Fun.app */,
				B017B9C11B79D05900CF9167 /* Control FunTests.xctest */,
			);
			name = Products;
			sourceTree = "<group>";
		};
		B017B9AA1B79D05900CF9167 /* Control Fun */ = {
			isa = PBXGroup;
			children = (
				B017B9AF1B79D05900CF9167 /* AppDelegate.h */,
				B017B9B01B79D05900CF9167 /* AppDelegate.m */,
				B017B9B21B79D05900CF9167 /* ViewController.h */,
				B017B9B31B79D05900CF9167 /* ViewController.m */,
				B017B9B51B79D05900CF9167 /* Main.storyboard */,
				B017B9B81B79D05900CF9167 /* Images.xcassets */,
				B017B9BA1B79D05900CF9167 /* LaunchScreen.xib */,
				B017B9AB1B79D05900CF9167 /* Supporting Files */,
			);
			path = "Control Fun";
			sourceTree = "<group>";
		};
		B017B9AB1B79D05900CF9167 /* Supporting Files */ = {
			isa = PBXGroup;
			children = (
				B017B9AC1B79D05900CF9167 /* Info.plist */,
				B017B9AD1B79D05900CF9167 /* main.m */,
			);
			name = "Supporting Files";
			sourceTree = "<group>";
		};
		B017B9C41B79D05900CF9167 /* Control FunTests */ = {
			isa = PBXGroup;
			children = (
				B017B9C71B79D05900CF9167 /* Control_FunTests.m */,
				B017B9C51B79D05900CF9167 /* Supporting Files */,
			);
			path = "Control FunTests";
			sourceTree = "<group>";
		};
		B017B9C51B79D05900CF9167 /* Supporting Files */ = {
			isa = PBXGroup;
			children = (
				B017B9C61B79D05900CF9167 /* Info.plist */,
			);
			name = "Supporting Files";
			sourceTree = "<group>";
		};
/* End PBXGroup section */

/* Begin PBXNativeTarget section */
		B017B9A71B79D05900CF9167 /* Control Fun */ = {
			isa = PBXNativeTarget;
			buildConfigurationList = B017B9CB1B79D05900CF9167 /* Build configuration list for PBXNativeTarget "Control Fun" */;
			buildPhases = (
				B017B9A41B79D05900CF9167 /* Sources */,
				B017B9A51B79D05900CF9167 /* Frameworks */,
				B017B9A61B79D05900CF9167 /* Resources */,
			);
			buildRules = (
			);
			dependencies = (
			);
			name = "Control Fun";
			productName = "Control Fun";
			productReference = B017B9A81B79D05900CF9167 /* Control Fun.app */;
			productType = "com.apple.product-type.application";
		};
		B017B9C01B79D05900CF9167 /* Control FunTests */ = {
			isa = PBXNativeTarget;
			buildConfigurationList = B017B9CE1B79D05900CF9167 /* Build configuration list for PBXNativeTarget "Control FunTests" */;
			buildPhases = (
				B017B9BD1B79D05900CF9167 /* Sources */,
				B017B9BE1B79D05900CF9167 /* Frameworks */,
				B017B9BF1B79D05900CF9167 /* Resources */,
			);
			buildRules = (
			);
			dependencies = (
				B017B9C31B79D05900CF9167 /* PBXTargetDependency */,
			);
			name = "Control FunTests";
			productName = "Control FunTests";
			productReference = B017B9C11B79D05900CF9167 /* Control FunTests.xctest */;
			productType = "com.apple.product-type.bundle.unit-test";
		};
/* End PBXNativeTarget section */

/* Begin PBXProject section */
		B017B9A01B79D05900CF9167 /* Project object */ = {
			isa = PBXProject;
			attributes = {
				LastUpgradeCheck = 0640;
				ORGANIZATIONNAME = Apress;
				TargetAttributes = {
					B017B9A71B79D05900CF9167 = {
						CreatedOnToolsVersion = 6.4;
					};
					B017B9C01B79D05900CF9167 = {
						CreatedOnToolsVersion = 6.4;
						TestTargetID = B017B9A71B79D05900CF9167;
					};
				};
			};
			buildConfigurationList = B017B9A31B79D05900CF9167 /* Build configuration list for PBXProject "Control Fun" */;
			compatibilityVersion = "Xcode 3.2";
			developmentRegion = English;
			hasScannedForEncodings = 0;
			knownRegions = (
				en,
				Base,
			);
			mainGroup = B017B99F1B79D05900CF9167;
			productRefGroup = B017B9A91B79D05900CF9167 /* Products */;
			projectDirPath = "";
			projectRoot = "";
			targets = (
				B017B9A71B79D05900CF9167 /* Control Fun */,
				B017B9C01B79D05900CF9167 /* Control FunTests */,
			);
		};
/* End PBXProject section */

/* Begin PBXResourcesBuildPhase section */
		B017B9A61B79D05900CF9167 /* Resources */ = {
			isa = PBXResourcesBuildPhase;
			buildActionMask = 2147483647;
			files = (
				B017B9B71B79D05900CF9167 /* Main.storyboard in Resources */,
				B017B9BC1B79D05900CF9167 /* LaunchScreen.xib in Resources */,
				B017B9B91B79D05900CF9167 /* Images.xcassets in Resources */,
			);
			runOnlyForDeploymentPostprocessing = 0;
		};
		B017B9BF1B79D05900CF9167 /* Resources */ = {
			isa = PBXResourcesBuildPhase;
			buildActionMask = 2147483647;
			files = (
			);
			runOnlyForDeploymentPostprocessing = 0;
		};
/* End PBXResourcesBuildPhase section */

/* Begin PBXSourcesBuildPhase section */
		B017B9A41B79D05900CF9167 /* Sources */ = {
			isa = PBXSourcesBuildPhase;
			buildActionMask = 2147483647;
			files = (
				B017B9B41B79D05900CF9167 /* ViewController.m in Sources */,
				B017B9B11B79D05900CF9167 /* AppDelegate.m in Sources */,
				B017B9AE1B79D05900CF9167 /* main.m in Sources */,
			);
			runOnlyForDeploymentPostprocessing = 0;
		};
		B017B9BD1B79D05900CF9167 /* Sources */ = {
			isa = PBXSourcesBuildPhase;
			buildActionMask = 2147483647;
			files = (
				B017B9C81B79D05900CF9167 /* Control_FunTests.m in Sources */,
			);
			runOnlyForDeploymentPostprocessing = 0;
		};
/* End PBXSourcesBuildPhase section */

/* Begin PBXTargetDependency section */
		B017B9C31B79D05900CF9167 /* PBXTargetDependency */ = {
			isa = PBXTargetDependency;
			target = B017B9A71B79D05900CF9167 /* Control Fun */;
			targetProxy = B017B9C21B79D05900CF9167 /* PBXContainerItemProxy */;
		};
/* End PBXTargetDependency section */

/* Begin PBXVariantGroup section */
		B017B9B51B79D05900CF9167 /* Main.storyboard */ = {
			isa = PBXVariantGroup;
			children = (
				B017B9B61B79D05900CF9167 /* Base */,
			);
			name = Main.storyboard;
			sourceTree = "<group>";
		};
		B017B9BA1B79D05900CF9167 /* LaunchScreen.xib */ = {
			isa = PBXVariantGroup;
			children = (
				B017B9BB1B79D05900CF9167 /* Base */,
			);
			name = LaunchScreen.xib;
			sourceTree = "<group>";
		};
/* End PBXVariantGroup section */

/* Begin XCBuildConfiguration section */
		B017B9C91B79D05900CF9167 /* Debug */ = {
			isa = XCBuildConfiguration;
			buildSettings = {
				ALWAYS_SEARCH_USER_PATHS = NO;
				CLANG_CXX_LANGUAGE_STANDARD = "gnu++0x";
				CLANG_CXX_LIBRARY = "libc++";
				CLANG_ENABLE_MODULES = YES;
				CLANG_ENABLE_OBJC_ARC = YES;
				CLANG_WARN_BOOL_CONVERSION = YES;
				CLANG_WARN_CONSTANT_CONVERSION = YES;
				CLANG_WARN_DIRECT_OBJC_ISA_USAGE = YES_ERROR;
				CLANG_WARN_EMPTY_BODY = YES;
				CLANG_WARN_ENUM_CONVERSION = YES;
				CLANG_WARN_INT_CONVERSION = YES;
				CLANG_WARN_OBJC_ROOT_CLASS = YES_ERROR;
				CLANG_WARN_UNREACHABLE_CODE = YES;
				CLANG_WARN__DUPLICATE_METHOD_MATCH = YES;
				"CODE_SIGN_IDENTITY[sdk=iphoneos*]" = "iPhone Developer";
				COPY_PHASE_STRIP = NO;
				DEBUG_INFORMATION_FORMAT = "dwarf-with-dsym";
				ENABLE_STRICT_OBJC_MSGSEND = YES;
				GCC_C_LANGUAGE_STANDARD = gnu99;
				GCC_DYNAMIC_NO_PIC = NO;
				GCC_NO_COMMON_BLOCKS = YES;
				GCC_OPTIMIZATION_LEVEL = 0;
				GCC_PREPROCESSOR_DEFINITIONS = (
					"DEBUG=1",
					"$(inherited)",
				);
				GCC_SYMBOLS_PRIVATE_EXTERN = NO;
				GCC_WARN_64_TO_32_BIT_CONVERSION = YES;
				GCC_WARN_ABOUT_RETURN_TYPE = YES_ERROR;
				GCC_WARN_UNDECLARED_SELECTOR = YES;
				GCC_WARN_UNINITIALIZED_AUTOS = YES_AGGRESSIVE;
				GCC_WARN_UNUSED_FUNCTION = YES;
				GCC_WARN_UNUSED_VARIABLE = YES;
				IPHONEOS_DEPLOYMENT_TARGET = 8.4;
				MTL_ENABLE_DEBUG_INFO = YES;
				ONLY_ACTIVE_ARCH = YES;
				SDKROOT = iphoneos;
			};
			name = Debug;
		};
		B017B9CA1B79D05900CF9167 /* Release */ = {
			isa = XCBuildConfiguration;
			buildSettings = {
				ALWAYS_SEARCH_USER_PATHS = NO;
				CLANG_CXX_LANGUAGE_STANDARD = "gnu++0x";
				CLANG_CXX_LIBRARY = "libc++";
				CLANG_ENABLE_MODULES = YES;
				CLANG_ENABLE_OBJC_ARC = YES;
				CLANG_WARN_BOOL_CONVERSION = YES;
				CLANG_WARN_CONSTANT_CONVERSION = YES;
				CLANG_WARN_DIRECT_OBJC_ISA_USAGE = YES_ERROR;
				CLANG_WARN_EMPTY_BODY = YES;
				CLANG_WARN_ENUM_CONVERSION = YES;
				CLANG_WARN_INT_CONVERSION = YES;
				CLANG_WARN_OBJC_ROOT_CLASS = YES_ERROR;
				CLANG_WARN_UNREACHABLE_CODE = YES;
				CLANG_WARN__DUPLICATE_METHOD_MATCH = YES;
				"CODE_SIGN_IDENTITY[sdk=iphoneos*]" = "iPhone Developer";
				COPY_PHASE_STRIP = NO;
				DEBUG_INFORMATION_FORMAT = "dwarf-with-dsym";
				ENABLE_NS_ASSERTIONS = NO;
				ENABLE_STRICT_OBJC_MSGSEND = YES;
				GCC_C_LANGUAGE_STANDARD = gnu99;
				GCC_NO_COMMON_BLOCKS = YES;
				GCC_WARN_64_TO_32_BIT_CONVERSION = YES;
				GCC_WARN_ABOUT_RETURN_TYPE = YES_ERROR;
				GCC_WARN_UNDECLARED_SELECTOR = YES;
				GCC_WARN_UNINITIALIZED_AUTOS = YES_AGGRESSIVE;
				GCC_WARN_UNUSED_FUNCTION = YES;
				GCC_WARN_UNUSED_VARIABLE = YES;
				IPHONEOS_DEPLOYMENT_TARGET = 8.4;
				MTL_ENABLE_DEBUG_INFO = NO;
				SDKROOT = iphoneos;
				VALIDATE_PRODUCT = YES;
			};
			name = Release;
		};
		B017B9CC1B79D05900CF9167 /* Debug */ = {
			isa = XCBuildConfiguration;
			buildSettings = {
				ASSETCATALOG_COMPILER_APPICON_NAME = AppIcon;
				INFOPLIST_FILE = "Control Fun/Info.plist";
				LD_RUNPATH_SEARCH_PATHS = "$(inherited) @executable_path/Frameworks";
				PRODUCT_NAME = "$(TARGET_NAME)";
			};
			name = Debug;
		};
		B017B9CD1B79D05900CF9167 /* Release */ = {
			isa = XCBuildConfiguration;
			buildSettings = {
				ASSETCATALOG_COMPILER_APPICON_NAME = AppIcon;
				INFOPLIST_FILE = "Control Fun/Info.plist";
				LD_RUNPATH_SEARCH_PATHS = "$(inherited) @executable_path/Frameworks";
				PRODUCT_NAME = "$(TARGET_NAME)";
			};
			name = Release;
		};
		B017B9CF1B79D05900CF9167 /* Debug */ = {
			isa = XCBuildConfiguration;
			buildSettings = {
				BUNDLE_LOADER = "$(TEST_HOST)";
				FRAMEWORK_SEARCH_PATHS = (
					"$(SDKROOT)/Developer/Library/Frameworks",
					"$(inherited)",
				);
				GCC_PREPROCESSOR_DEFINITIONS = (
					"DEBUG=1",
					"$(inherited)",
				);
				INFOPLIST_FILE = "Control FunTests/Info.plist";
				LD_RUNPATH_SEARCH_PATHS = "$(inherited) @executable_path/Frameworks @loader_path/Frameworks";
				PRODUCT_NAME = "$(TARGET_NAME)";
				TEST_HOST = "$(BUILT_PRODUCTS_DIR)/Control Fun.app/Control Fun";
			};
			name = Debug;
		};
		B017B9D01B79D05900CF9167 /* Release */ = {
			isa = XCBuildConfiguration;
			buildSettings = {
				BUNDLE_LOADER = "$(TEST_HOST)";
				FRAMEWORK_SEARCH_PATHS = (
					"$(SDKROOT)/Developer/Library/Frameworks",
					"$(inherited)",
				);
				INFOPLIST_FILE = "Control FunTests/Info.plist";
				LD_RUNPATH_SEARCH_PATHS = "$(inherited) @executable_path/Frameworks @loader_path/Frameworks";
				PRODUCT_NAME = "$(TARGET_NAME)";
				TEST_HOST = "$(BUILT_PRODUCTS_DIR)/Control Fun.app/Control Fun";
			};
			name = Release;
		};
/* End XCBuildConfiguration section */

/* Begin XCConfigurationList section */
		B017B9A31B79D05900CF9167 /* Build configuration list for PBXProject "Control Fun" */ = {
			isa = XCConfigurationList;
			buildConfigurations = (
				B017B9C91B79D05900CF9167 /* Debug */,
				B017B9CA1B79D05900CF9167 /* Release */,
			);
			defaultConfigurationIsVisible = 0;
			defaultConfigurationName = Release;
		};
		B017B9CB1B79D05900CF9167 /* Build configuration list for PBXNativeTarget "Control Fun" */ = {
			isa = XCConfigurationList;
			buildConfigurations = (
				B017B9CC1B79D05900CF9167 /* Debug */,
				B017B9CD1B79D05900CF9167 /* Release */,
			);
			defaultConfigurationIsVisible = 0;
		};
		B017B9CE1B79D05900CF9167 /* Build configuration list for PBXNativeTarget "Control FunTests" */ = {
			isa = XCConfigurationList;
			buildConfigurations = (
				B017B9CF1B79D05900CF9167 /* Debug */,
				B017B9D01B79D05900CF9167 /* Release */,
			);
			defaultConfigurationIsVisible = 0;
		};
/* End XCConfigurationList section */
	};
	rootObject = B017B9A01B79D05900CF9167 /* Project object */;
}
